
Microsoft Visual Studio Solution File, Format Version 12.00
# Visual Studio Version 16
VisualStudioVersion = 16.0.31613.86
MinimumVisualStudioVersion = 10.0.40219.1
Project("{9A19103F-16F7-4668-BE54-9A1E7A4F7556}") = "Logic", "Account\Logic.csproj", "{F2E1F745-42EC-4680-AFEF-46048F7BB713}"
EndProject
Project("{9A19103F-16F7-4668-BE54-9A1E7A4F7556}") = "Tests", "Tests\Tests.csproj", "{EA86D80E-1D67-47A4-8155-BD20F733D504}"
EndProject
Project("{2150E333-8FDC-42A3-9474-1A3956D46DE8}") = "Rapport", "Rapport", "{990FB040-040A-4854-9955-D1EB531E574B}"
	ProjectSection(SolutionItems) = preProject
		[Jeanette_Ljungkvist].md = [Jeanette_Ljungkvist].md
		[Johan_Fahlgren].md = [Johan_Fahlgren].md
		Readme(kata).md = Readme(kata).md
	EndProjectSection
EndProject
Global
	GlobalSection(SolutionConfigurationPlatforms) = preSolution
		Debug|Any CPU = Debug|Any CPU
		Release|Any CPU = Release|Any CPU
	EndGlobalSection
	GlobalSection(ProjectConfigurationPlatforms) = postSolution
		{F2E1F745-42EC-4680-AFEF-46048F7BB713}.Debug|Any CPU.ActiveCfg = Debug|Any CPU
		{F2E1F745-42EC-4680-AFEF-46048F7BB713}.Debug|Any CPU.Build.0 = Debug|Any CPU
		{F2E1F745-42EC-4680-AFEF-46048F7BB713}.Release|Any CPU.ActiveCfg = Release|Any CPU
		{F2E1F745-42EC-4680-AFEF-46048F7BB713}.Release|Any CPU.Build.0 = Release|Any CPU
		{EA86D80E-1D67-47A4-8155-BD20F733D504}.Debug|Any CPU.ActiveCfg = Debug|Any CPU
		{EA86D80E-1D67-47A4-8155-BD20F733D504}.Debug|Any CPU.Build.0 = Debug|Any CPU
		{EA86D80E-1D67-47A4-8155-BD20F733D504}.Release|Any CPU.ActiveCfg = Release|Any CPU
		{EA86D80E-1D67-47A4-8155-BD20F733D504}.Release|Any CPU.Build.0 = Release|Any CPU
	EndGlobalSection
	GlobalSection(SolutionProperties) = preSolution
		HideSolutionNode = FALSE
	EndGlobalSection
	GlobalSection(ExtensibilityGlobals) = postSolution
		SolutionGuid = {30BBF284-081A-4A3C-9619-0031FF8BE91F}
	EndGlobalSection
EndGlobal
